// !$*UTF8*$!
{
	archiveVersion = 1;
	classes = {
	};
	objectVersion = 50;
	objects = {

/* Begin PBXBuildFile section */
		D3509CF5243CE2D200499622 /* TemplateCollectionViewController.swift in Sources */ = {isa = PBXBuildFile; fileRef = D3509CF4243CE2D200499622 /* TemplateCollectionViewController.swift */; };
		D38104822424FB30004AC823 /* Interface.swift in Sources */ = {isa = PBXBuildFile; fileRef = D38104812424FB30004AC823 /* Interface.swift */; };
		D3838A4E2499065500A22322 /* Iterator.swift in Sources */ = {isa = PBXBuildFile; fileRef = D3838A4D2499065500A22322 /* Iterator.swift */; };
		D3AA1946244B952200808B46 /* Flyweight.swift in Sources */ = {isa = PBXBuildFile; fileRef = D3AA1945244B952200808B46 /* Flyweight.swift */; };
		D3B6460A245B0BDD0018EB1A /* Proxy.swift in Sources */ = {isa = PBXBuildFile; fileRef = D3B64609245B0BDD0018EB1A /* Proxy.swift */; };
		D3B6460F245B18040018EB1A /* ChainOfResponsibility.swift in Sources */ = {isa = PBXBuildFile; fileRef = D3B6460E245B18040018EB1A /* ChainOfResponsibility.swift */; };
		D3E685FF2490D3DC00106128 /* Command.swift in Sources */ = {isa = PBXBuildFile; fileRef = D3E685FE2490D3DC00106128 /* Command.swift */; };
		D3F269FF2440BED7009300BD /* Composite.swift in Sources */ = {isa = PBXBuildFile; fileRef = D3F269FE2440BED7009300BD /* Composite.swift */; };
		D3F26A012440BF17009300BD /* README.md in Resources */ = {isa = PBXBuildFile; fileRef = D3F26A002440BF17009300BD /* README.md */; };
		D3F26A0324462786009300BD /* Decorator.swift in Sources */ = {isa = PBXBuildFile; fileRef = D3F26A0224462786009300BD /* Decorator.swift */; };
		DDA94C5220C9CF4600289D95 /* AppDelegate.swift in Sources */ = {isa = PBXBuildFile; fileRef = DDA94C5120C9CF4600289D95 /* AppDelegate.swift */; };
		DDA94C5420C9CF4600289D95 /* ViewController.swift in Sources */ = {isa = PBXBuildFile; fileRef = DDA94C5320C9CF4600289D95 /* ViewController.swift */; };
		DDA94C5720C9CF4600289D95 /* Main.storyboard in Resources */ = {isa = PBXBuildFile; fileRef = DDA94C5520C9CF4600289D95 /* Main.storyboard */; };
		DDA94C5920C9CF4800289D95 /* Assets.xcassets in Resources */ = {isa = PBXBuildFile; fileRef = DDA94C5820C9CF4800289D95 /* Assets.xcassets */; };
		DDA94C5C20C9CF4800289D95 /* LaunchScreen.storyboard in Resources */ = {isa = PBXBuildFile; fileRef = DDA94C5A20C9CF4800289D95 /* LaunchScreen.storyboard */; };
		DDA94C6420CBFDCE00289D95 /* Prototype.swift in Sources */ = {isa = PBXBuildFile; fileRef = DDA94C6320CBFDCE00289D95 /* Prototype.swift */; };
		DDA94C6620CC079100289D95 /* FactoryMethod.swift in Sources */ = {isa = PBXBuildFile; fileRef = DDA94C6520CC079100289D95 /* FactoryMethod.swift */; };
		DDA94C6820CC2B5100289D95 /* AbstractFactory.swift in Sources */ = {isa = PBXBuildFile; fileRef = DDA94C6720CC2B5100289D95 /* AbstractFactory.swift */; };
		DDA94C6A20CC88A200289D95 /* Builder.swift in Sources */ = {isa = PBXBuildFile; fileRef = DDA94C6920CC88A200289D95 /* Builder.swift */; };
		DDA94C6C20CD6BC400289D95 /* Singleton.swift in Sources */ = {isa = PBXBuildFile; fileRef = DDA94C6B20CD6BC400289D95 /* Singleton.swift */; };
		DDA94C6E20CD949500289D95 /* Adapter.swift in Sources */ = {isa = PBXBuildFile; fileRef = DDA94C6D20CD949500289D95 /* Adapter.swift */; };
		DDA94C7020CDC8EB00289D95 /* AdapterDifficult.swift in Sources */ = {isa = PBXBuildFile; fileRef = DDA94C6F20CDC8EB00289D95 /* AdapterDifficult.swift */; };
		DDA94C7220CEC7FD00289D95 /* Bridge.swift in Sources */ = {isa = PBXBuildFile; fileRef = DDA94C7120CEC7FD00289D95 /* Bridge.swift */; };
		DDA94C7420CED0DD00289D95 /* Facade.swift in Sources */ = {isa = PBXBuildFile; fileRef = DDA94C7320CED0DD00289D95 /* Facade.swift */; };
/* End PBXBuildFile section */

/* Begin PBXFileReference section */
		D3509CF4243CE2D200499622 /* TemplateCollectionViewController.swift */ = {isa = PBXFileReference; lastKnownFileType = sourcecode.swift; path = TemplateCollectionViewController.swift; sourceTree = "<group>"; };
		D38104812424FB30004AC823 /* Interface.swift */ = {isa = PBXFileReference; lastKnownFileType = sourcecode.swift; path = Interface.swift; sourceTree = "<group>"; };
		D3838A4D2499065500A22322 /* Iterator.swift */ = {isa = PBXFileReference; lastKnownFileType = sourcecode.swift; path = Iterator.swift; sourceTree = "<group>"; };
		D3AA1945244B952200808B46 /* Flyweight.swift */ = {isa = PBXFileReference; lastKnownFileType = sourcecode.swift; path = Flyweight.swift; sourceTree = "<group>"; };
		D3B64609245B0BDD0018EB1A /* Proxy.swift */ = {isa = PBXFileReference; lastKnownFileType = sourcecode.swift; path = Proxy.swift; sourceTree = "<group>"; };
		D3B6460E245B18040018EB1A /* ChainOfResponsibility.swift */ = {isa = PBXFileReference; lastKnownFileType = sourcecode.swift; path = ChainOfResponsibility.swift; sourceTree = "<group>"; };
		D3E685FE2490D3DC00106128 /* Command.swift */ = {isa = PBXFileReference; lastKnownFileType = sourcecode.swift; path = Command.swift; sourceTree = "<group>"; };
		D3F269FE2440BED7009300BD /* Composite.swift */ = {isa = PBXFileReference; lastKnownFileType = sourcecode.swift; path = Composite.swift; sourceTree = "<group>"; };
		D3F26A002440BF17009300BD /* README.md */ = {isa = PBXFileReference; fileEncoding = 4; lastKnownFileType = net.daringfireball.markdown; name = README.md; path = ../README.md; sourceTree = "<group>"; };
		D3F26A0224462786009300BD /* Decorator.swift */ = {isa = PBXFileReference; lastKnownFileType = sourcecode.swift; path = Decorator.swift; sourceTree = "<group>"; };
		DDA94C4E20C9CF4600289D95 /* Patterns.app */ = {isa = PBXFileReference; explicitFileType = wrapper.application; includeInIndex = 0; path = Patterns.app; sourceTree = BUILT_PRODUCTS_DIR; };
		DDA94C5120C9CF4600289D95 /* AppDelegate.swift */ = {isa = PBXFileReference; lastKnownFileType = sourcecode.swift; path = AppDelegate.swift; sourceTree = "<group>"; };
		DDA94C5320C9CF4600289D95 /* ViewController.swift */ = {isa = PBXFileReference; lastKnownFileType = sourcecode.swift; path = ViewController.swift; sourceTree = "<group>"; };
		DDA94C5620C9CF4600289D95 /* Base */ = {isa = PBXFileReference; lastKnownFileType = file.storyboard; name = Base; path = Base.lproj/Main.storyboard; sourceTree = "<group>"; };
		DDA94C5820C9CF4800289D95 /* Assets.xcassets */ = {isa = PBXFileReference; lastKnownFileType = folder.assetcatalog; path = Assets.xcassets; sourceTree = "<group>"; };
		DDA94C5B20C9CF4800289D95 /* Base */ = {isa = PBXFileReference; lastKnownFileType = file.storyboard; name = Base; path = Base.lproj/LaunchScreen.storyboard; sourceTree = "<group>"; };
		DDA94C5D20C9CF4900289D95 /* Info.plist */ = {isa = PBXFileReference; lastKnownFileType = text.plist.xml; path = Info.plist; sourceTree = "<group>"; };
		DDA94C6320CBFDCE00289D95 /* Prototype.swift */ = {isa = PBXFileReference; lastKnownFileType = sourcecode.swift; path = Prototype.swift; sourceTree = "<group>"; };
		DDA94C6520CC079100289D95 /* FactoryMethod.swift */ = {isa = PBXFileReference; lastKnownFileType = sourcecode.swift; path = FactoryMethod.swift; sourceTree = "<group>"; };
		DDA94C6720CC2B5100289D95 /* AbstractFactory.swift */ = {isa = PBXFileReference; lastKnownFileType = sourcecode.swift; path = AbstractFactory.swift; sourceTree = "<group>"; };
		DDA94C6920CC88A200289D95 /* Builder.swift */ = {isa = PBXFileReference; lastKnownFileType = sourcecode.swift; path = Builder.swift; sourceTree = "<group>"; };
		DDA94C6B20CD6BC400289D95 /* Singleton.swift */ = {isa = PBXFileReference; lastKnownFileType = sourcecode.swift; path = Singleton.swift; sourceTree = "<group>"; };
		DDA94C6D20CD949500289D95 /* Adapter.swift */ = {isa = PBXFileReference; lastKnownFileType = sourcecode.swift; path = Adapter.swift; sourceTree = "<group>"; };
		DDA94C6F20CDC8EB00289D95 /* AdapterDifficult.swift */ = {isa = PBXFileReference; lastKnownFileType = sourcecode.swift; path = AdapterDifficult.swift; sourceTree = "<group>"; };
		DDA94C7120CEC7FD00289D95 /* Bridge.swift */ = {isa = PBXFileReference; lastKnownFileType = sourcecode.swift; path = Bridge.swift; sourceTree = "<group>"; };
		DDA94C7320CED0DD00289D95 /* Facade.swift */ = {isa = PBXFileReference; lastKnownFileType = sourcecode.swift; path = Facade.swift; sourceTree = "<group>"; };
/* End PBXFileReference section */

/* Begin PBXFrameworksBuildPhase section */
		DDA94C4B20C9CF4600289D95 /* Frameworks */ = {
			isa = PBXFrameworksBuildPhase;
			buildActionMask = 2147483647;
			files = (
			);
			runOnlyForDeploymentPostprocessing = 0;
		};
/* End PBXFrameworksBuildPhase section */

/* Begin PBXGroup section */
		D3B6460B245B17B30018EB1A /* Generative */ = {
			isa = PBXGroup;
			children = (
				DDA94C6B20CD6BC400289D95 /* Singleton.swift */,
				DDA94C6920CC88A200289D95 /* Builder.swift */,
				DDA94C6720CC2B5100289D95 /* AbstractFactory.swift */,
				DDA94C6520CC079100289D95 /* FactoryMethod.swift */,
				DDA94C6320CBFDCE00289D95 /* Prototype.swift */,
			);
			path = Generative;
			sourceTree = "<group>";
		};
		D3B6460C245B17BF0018EB1A /* Structural */ = {
			isa = PBXGroup;
			children = (
				DDA94C6F20CDC8EB00289D95 /* AdapterDifficult.swift */,
				DDA94C6D20CD949500289D95 /* Adapter.swift */,
				DDA94C7120CEC7FD00289D95 /* Bridge.swift */,
				D3F269FE2440BED7009300BD /* Composite.swift */,
				D3F26A0224462786009300BD /* Decorator.swift */,
				DDA94C7320CED0DD00289D95 /* Facade.swift */,
				D3AA1945244B952200808B46 /* Flyweight.swift */,
				D3B64609245B0BDD0018EB1A /* Proxy.swift */,
			);
			path = Structural;
			sourceTree = "<group>";
		};
		D3B6460D245B17C80018EB1A /* Behavioral */ = {
			isa = PBXGroup;
			children = (
				D3B6460E245B18040018EB1A /* ChainOfResponsibility.swift */,
				D3E685FE2490D3DC00106128 /* Command.swift */,
				D3838A4D2499065500A22322 /* Iterator.swift */,
			);
			path = Behavioral;
			sourceTree = "<group>";
		};
		DDA94C4520C9CF4600289D95 = {
			isa = PBXGroup;
			children = (
				D3F26A002440BF17009300BD /* README.md */,
				DDA94C5020C9CF4600289D95 /* Patterns */,
				DDA94C4F20C9CF4600289D95 /* Products */,
			);
			sourceTree = "<group>";
		};
		DDA94C4F20C9CF4600289D95 /* Products */ = {
			isa = PBXGroup;
			children = (
				DDA94C4E20C9CF4600289D95 /* Patterns.app */,
			);
			name = Products;
			sourceTree = "<group>";
		};
		DDA94C5020C9CF4600289D95 /* Patterns */ = {
			isa = PBXGroup;
			children = (
				D3B6460B245B17B30018EB1A /* Generative */,
				D3B6460C245B17BF0018EB1A /* Structural */,
				D3B6460D245B17C80018EB1A /* Behavioral */,
				DDA94C5320C9CF4600289D95 /* ViewController.swift */,
				D3509CF4243CE2D200499622 /* TemplateCollectionViewController.swift */,
				D38104812424FB30004AC823 /* Interface.swift */,
				DDA94C5120C9CF4600289D95 /* AppDelegate.swift */,
				DDA94C5520C9CF4600289D95 /* Main.storyboard */,
				DDA94C5820C9CF4800289D95 /* Assets.xcassets */,
				DDA94C5A20C9CF4800289D95 /* LaunchScreen.storyboard */,
				DDA94C5D20C9CF4900289D95 /* Info.plist */,
			);
			path = Patterns;
			sourceTree = "<group>";
		};
/* End PBXGroup section */

/* Begin PBXNativeTarget section */
		DDA94C4D20C9CF4600289D95 /* Patterns */ = {
			isa = PBXNativeTarget;
			buildConfigurationList = DDA94C6020C9CF4900289D95 /* Build configuration list for PBXNativeTarget "Patterns" */;
			buildPhases = (
				DDA94C4A20C9CF4600289D95 /* Sources */,
				DDA94C4B20C9CF4600289D95 /* Frameworks */,
				DDA94C4C20C9CF4600289D95 /* Resources */,
			);
			buildRules = (
			);
			dependencies = (
			);
			name = Patterns;
			productName = Patterns;
			productReference = DDA94C4E20C9CF4600289D95 /* Patterns.app */;
			productType = "com.apple.product-type.application";
		};
/* End PBXNativeTarget section */

/* Begin PBXProject section */
		DDA94C4620C9CF4600289D95 /* Project object */ = {
			isa = PBXProject;
			attributes = {
				LastSwiftUpdateCheck = 0940;
				LastUpgradeCheck = 0940;
				ORGANIZATIONNAME = "Вадим Чистяков";
				TargetAttributes = {
					DDA94C4D20C9CF4600289D95 = {
						CreatedOnToolsVersion = 9.4;
					};
				};
			};
			buildConfigurationList = DDA94C4920C9CF4600289D95 /* Build configuration list for PBXProject "Patterns" */;
			compatibilityVersion = "Xcode 9.3";
			developmentRegion = en;
			hasScannedForEncodings = 0;
			knownRegions = (
				en,
				Base,
			);
			mainGroup = DDA94C4520C9CF4600289D95;
			productRefGroup = DDA94C4F20C9CF4600289D95 /* Products */;
			projectDirPath = "";
			projectRoot = "";
			targets = (
				DDA94C4D20C9CF4600289D95 /* Patterns */,
			);
		};
/* End PBXProject section */

/* Begin PBXResourcesBuildPhase section */
		DDA94C4C20C9CF4600289D95 /* Resources */ = {
			isa = PBXResourcesBuildPhase;
			buildActionMask = 2147483647;
			files = (
				DDA94C5C20C9CF4800289D95 /* LaunchScreen.storyboard in Resources */,
				DDA94C5920C9CF4800289D95 /* Assets.xcassets in Resources */,
				D3F26A012440BF17009300BD /* README.md in Resources */,
				DDA94C5720C9CF4600289D95 /* Main.storyboard in Resources */,
			);
			runOnlyForDeploymentPostprocessing = 0;
		};
/* End PBXResourcesBuildPhase section */

/* Begin PBXSourcesBuildPhase section */
		DDA94C4A20C9CF4600289D95 /* Sources */ = {
			isa = PBXSourcesBuildPhase;
			buildActionMask = 2147483647;
			files = (
				DDA94C7220CEC7FD00289D95 /* Bridge.swift in Sources */,
				DDA94C5420C9CF4600289D95 /* ViewController.swift in Sources */,
				DDA94C7020CDC8EB00289D95 /* AdapterDifficult.swift in Sources */,
				D3838A4E2499065500A22322 /* Iterator.swift in Sources */,
				DDA94C6E20CD949500289D95 /* Adapter.swift in Sources */,
				D3509CF5243CE2D200499622 /* TemplateCollectionViewController.swift in Sources */,
				DDA94C6C20CD6BC400289D95 /* Singleton.swift in Sources */,
				DDA94C5220C9CF4600289D95 /* AppDelegate.swift in Sources */,
				DDA94C7420CED0DD00289D95 /* Facade.swift in Sources */,
				D3B6460F245B18040018EB1A /* ChainOfResponsibility.swift in Sources */,
				DDA94C6820CC2B5100289D95 /* AbstractFactory.swift in Sources */,
				DDA94C6420CBFDCE00289D95 /* Prototype.swift in Sources */,
				DDA94C6620CC079100289D95 /* FactoryMethod.swift in Sources */,
				D3F26A0324462786009300BD /* Decorator.swift in Sources */,
				D3B6460A245B0BDD0018EB1A /* Proxy.swift in Sources */,
				DDA94C6A20CC88A200289D95 /* Builder.swift in Sources */,
				D3E685FF2490D3DC00106128 /* Command.swift in Sources */,
				D3AA1946244B952200808B46 /* Flyweight.swift in Sources */,
				D38104822424FB30004AC823 /* Interface.swift in Sources */,
				D3F269FF2440BED7009300BD /* Composite.swift in Sources */,
			);
			runOnlyForDeploymentPostprocessing = 0;
		};
/* End PBXSourcesBuildPhase section */

/* Begin PBXVariantGroup section */
		DDA94C5520C9CF4600289D95 /* Main.storyboard */ = {
			isa = PBXVariantGroup;
			children = (
				DDA94C5620C9CF4600289D95 /* Base */,
			);
			name = Main.storyboard;
			sourceTree = "<group>";
		};
		DDA94C5A20C9CF4800289D95 /* LaunchScreen.storyboard */ = {
			isa = PBXVariantGroup;
			children = (
				DDA94C5B20C9CF4800289D95 /* Base */,
			);
			name = LaunchScreen.storyboard;
			sourceTree = "<group>";
		};
/* End PBXVariantGroup section */

/* Begin XCBuildConfiguration section */
		DDA94C5E20C9CF4900289D95 /* Debug */ = {
			isa = XCBuildConfiguration;
			buildSettings = {
				ALWAYS_SEARCH_USER_PATHS = NO;
				CLANG_ANALYZER_NONNULL = YES;
				CLANG_ANALYZER_NUMBER_OBJECT_CONVERSION = YES_AGGRESSIVE;
				CLANG_CXX_LANGUAGE_STANDARD = "gnu++14";
				CLANG_CXX_LIBRARY = "libc++";
				CLANG_ENABLE_MODULES = YES;
				CLANG_ENABLE_OBJC_ARC = YES;
				CLANG_ENABLE_OBJC_WEAK = YES;
				CLANG_WARN_BLOCK_CAPTURE_AUTORELEASING = YES;
				CLANG_WARN_BOOL_CONVERSION = YES;
				CLANG_WARN_COMMA = YES;
				CLANG_WARN_CONSTANT_CONVERSION = YES;
				CLANG_WARN_DEPRECATED_OBJC_IMPLEMENTATIONS = YES;
				CLANG_WARN_DIRECT_OBJC_ISA_USAGE = YES_ERROR;
				CLANG_WARN_DOCUMENTATION_COMMENTS = YES;
				CLANG_WARN_EMPTY_BODY = YES;
				CLANG_WARN_ENUM_CONVERSION = YES;
				CLANG_WARN_INFINITE_RECURSION = YES;
				CLANG_WARN_INT_CONVERSION = YES;
				CLANG_WARN_NON_LITERAL_NULL_CONVERSION = YES;
				CLANG_WARN_OBJC_IMPLICIT_RETAIN_SELF = YES;
				CLANG_WARN_OBJC_LITERAL_CONVERSION = YES;
				CLANG_WARN_OBJC_ROOT_CLASS = YES_ERROR;
				CLANG_WARN_RANGE_LOOP_ANALYSIS = YES;
				CLANG_WARN_STRICT_PROTOTYPES = YES;
				CLANG_WARN_SUSPICIOUS_MOVE = YES;
				CLANG_WARN_UNGUARDED_AVAILABILITY = YES_AGGRESSIVE;
				CLANG_WARN_UNREACHABLE_CODE = YES;
				CLANG_WARN__DUPLICATE_METHOD_MATCH = YES;
				CODE_SIGN_IDENTITY = "iPhone Developer";
				COPY_PHASE_STRIP = NO;
				DEBUG_INFORMATION_FORMAT = dwarf;
				ENABLE_STRICT_OBJC_MSGSEND = YES;
				ENABLE_TESTABILITY = YES;
				GCC_C_LANGUAGE_STANDARD = gnu11;
				GCC_DYNAMIC_NO_PIC = NO;
				GCC_NO_COMMON_BLOCKS = YES;
				GCC_OPTIMIZATION_LEVEL = 0;
				GCC_PREPROCESSOR_DEFINITIONS = (
					"DEBUG=1",
					"$(inherited)",
				);
				GCC_WARN_64_TO_32_BIT_CONVERSION = YES;
				GCC_WARN_ABOUT_RETURN_TYPE = YES_ERROR;
				GCC_WARN_UNDECLARED_SELECTOR = YES;
				GCC_WARN_UNINITIALIZED_AUTOS = YES_AGGRESSIVE;
				GCC_WARN_UNUSED_FUNCTION = YES;
				GCC_WARN_UNUSED_VARIABLE = YES;
				IPHONEOS_DEPLOYMENT_TARGET = 11.4;
				MTL_ENABLE_DEBUG_INFO = YES;
				ONLY_ACTIVE_ARCH = YES;
				SDKROOT = iphoneos;
				SWIFT_ACTIVE_COMPILATION_CONDITIONS = DEBUG;
				SWIFT_OPTIMIZATION_LEVEL = "-Onone";
			};
			name = Debug;
		};
		DDA94C5F20C9CF4900289D95 /* Release */ = {
			isa = XCBuildConfiguration;
			buildSettings = {
				ALWAYS_SEARCH_USER_PATHS = NO;
				CLANG_ANALYZER_NONNULL = YES;
				CLANG_ANALYZER_NUMBER_OBJECT_CONVERSION = YES_AGGRESSIVE;
				CLANG_CXX_LANGUAGE_STANDARD = "gnu++14";
				CLANG_CXX_LIBRARY = "libc++";
				CLANG_ENABLE_MODULES = YES;
				CLANG_ENABLE_OBJC_ARC = YES;
				CLANG_ENABLE_OBJC_WEAK = YES;
				CLANG_WARN_BLOCK_CAPTURE_AUTORELEASING = YES;
				CLANG_WARN_BOOL_CONVERSION = YES;
				CLANG_WARN_COMMA = YES;
				CLANG_WARN_CONSTANT_CONVERSION = YES;
				CLANG_WARN_DEPRECATED_OBJC_IMPLEMENTATIONS = YES;
				CLANG_WARN_DIRECT_OBJC_ISA_USAGE = YES_ERROR;
				CLANG_WARN_DOCUMENTATION_COMMENTS = YES;
				CLANG_WARN_EMPTY_BODY = YES;
				CLANG_WARN_ENUM_CONVERSION = YES;
				CLANG_WARN_INFINITE_RECURSION = YES;
				CLANG_WARN_INT_CONVERSION = YES;
				CLANG_WARN_NON_LITERAL_NULL_CONVERSION = YES;
				CLANG_WARN_OBJC_IMPLICIT_RETAIN_SELF = YES;
				CLANG_WARN_OBJC_LITERAL_CONVERSION = YES;
				CLANG_WARN_OBJC_ROOT_CLASS = YES_ERROR;
				CLANG_WARN_RANGE_LOOP_ANALYSIS = YES;
				CLANG_WARN_STRICT_PROTOTYPES = YES;
				CLANG_WARN_SUSPICIOUS_MOVE = YES;
				CLANG_WARN_UNGUARDED_AVAILABILITY = YES_AGGRESSIVE;
				CLANG_WARN_UNREACHABLE_CODE = YES;
				CLANG_WARN__DUPLICATE_METHOD_MATCH = YES;
				CODE_SIGN_IDENTITY = "iPhone Developer";
				COPY_PHASE_STRIP = NO;
				DEBUG_INFORMATION_FORMAT = "dwarf-with-dsym";
				ENABLE_NS_ASSERTIONS = NO;
				ENABLE_STRICT_OBJC_MSGSEND = YES;
				GCC_C_LANGUAGE_STANDARD = gnu11;
				GCC_NO_COMMON_BLOCKS = YES;
				GCC_WARN_64_TO_32_BIT_CONVERSION = YES;
				GCC_WARN_ABOUT_RETURN_TYPE = YES_ERROR;
				GCC_WARN_UNDECLARED_SELECTOR = YES;
				GCC_WARN_UNINITIALIZED_AUTOS = YES_AGGRESSIVE;
				GCC_WARN_UNUSED_FUNCTION = YES;
				GCC_WARN_UNUSED_VARIABLE = YES;
				IPHONEOS_DEPLOYMENT_TARGET = 11.4;
				MTL_ENABLE_DEBUG_INFO = NO;
				SDKROOT = iphoneos;
				SWIFT_COMPILATION_MODE = wholemodule;
				SWIFT_OPTIMIZATION_LEVEL = "-O";
				VALIDATE_PRODUCT = YES;
			};
			name = Release;
		};
		DDA94C6120C9CF4900289D95 /* Debug */ = {
			isa = XCBuildConfiguration;
			buildSettings = {
				ASSETCATALOG_COMPILER_APPICON_NAME = AppIcon;
				CODE_SIGN_STYLE = Automatic;
				INFOPLIST_FILE = Patterns/Info.plist;
				LD_RUNPATH_SEARCH_PATHS = (
					"$(inherited)",
					"@executable_path/Frameworks",
				);
				PRODUCT_BUNDLE_IDENTIFIER = CV.Patterns;
				PRODUCT_NAME = "$(TARGET_NAME)";
				SWIFT_VERSION = 4.0;
				TARGETED_DEVICE_FAMILY = "1,2";
			};
			name = Debug;
		};
		DDA94C6220C9CF4900289D95 /* Release */ = {
			isa = XCBuildConfiguration;
			buildSettings = {
				ASSETCATALOG_COMPILER_APPICON_NAME = AppIcon;
				CODE_SIGN_STYLE = Automatic;
				INFOPLIST_FILE = Patterns/Info.plist;
				LD_RUNPATH_SEARCH_PATHS = (
					"$(inherited)",
					"@executable_path/Frameworks",
				);
				PRODUCT_BUNDLE_IDENTIFIER = CV.Patterns;
				PRODUCT_NAME = "$(TARGET_NAME)";
				SWIFT_VERSION = 4.0;
				TARGETED_DEVICE_FAMILY = "1,2";
			};
			name = Release;
		};
/* End XCBuildConfiguration section */

/* Begin XCConfigurationList section */
		DDA94C4920C9CF4600289D95 /* Build configuration list for PBXProject "Patterns" */ = {
			isa = XCConfigurationList;
			buildConfigurations = (
				DDA94C5E20C9CF4900289D95 /* Debug */,
				DDA94C5F20C9CF4900289D95 /* Release */,
			);
			defaultConfigurationIsVisible = 0;
			defaultConfigurationName = Release;
		};
		DDA94C6020C9CF4900289D95 /* Build configuration list for PBXNativeTarget "Patterns" */ = {
			isa = XCConfigurationList;
			buildConfigurations = (
				DDA94C6120C9CF4900289D95 /* Debug */,
				DDA94C6220C9CF4900289D95 /* Release */,
			);
			defaultConfigurationIsVisible = 0;
			defaultConfigurationName = Release;
		};
/* End XCConfigurationList section */
	};
	rootObject = DDA94C4620C9CF4600289D95 /* Project object */;
}
